
Microsoft Visual Studio Solution File, Format Version 12.00
# Visual Studio 15
VisualStudioVersion = 15.0.27703.2000
MinimumVisualStudioVersion = 10.0.40219.1
Project("{FAE04EC0-301F-11D3-BF4B-00C04F79EFBC}") = "SecureQueueBinding", "SecureQueueBinding\SecureQueueBinding.csproj", "{2B941281-E58F-49D4-82B6-E61AF83999AD}"
EndProject
Project("{FAE04EC0-301F-11D3-BF4B-00C04F79EFBC}") = "CustomBindingFunctions", "CustomBindingFunctions\CustomBindingFunctions.csproj", "{37A43C6B-53F6-4318-AC34-3824F439D38E}"
EndProject
Global
	GlobalSection(SolutionConfigurationPlatforms) = preSolution
		Debug|Any CPU = Debug|Any CPU
		Release|Any CPU = Release|Any CPU
	EndGlobalSection
	GlobalSection(ProjectConfigurationPlatforms) = postSolution
		{2B941281-E58F-49D4-82B6-E61AF83999AD}.Debug|Any CPU.ActiveCfg = Debug|Any CPU
		{2B941281-E58F-49D4-82B6-E61AF83999AD}.Debug|Any CPU.Build.0 = Debug|Any CPU
		{2B941281-E58F-49D4-82B6-E61AF83999AD}.Release|Any CPU.ActiveCfg = Release|Any CPU
		{2B941281-E58F-49D4-82B6-E61AF83999AD}.Release|Any CPU.Build.0 = Release|Any CPU
		{37A43C6B-53F6-4318-AC34-3824F439D38E}.Debug|Any CPU.ActiveCfg = Debug|Any CPU
		{37A43C6B-53F6-4318-AC34-3824F439D38E}.Debug|Any CPU.Build.0 = Debug|Any CPU
		{37A43C6B-53F6-4318-AC34-3824F439D38E}.Release|Any CPU.ActiveCfg = Release|Any CPU
		{37A43C6B-53F6-4318-AC34-3824F439D38E}.Release|Any CPU.Build.0 = Release|Any CPU
	EndGlobalSection
	GlobalSection(SolutionProperties) = preSolution
		HideSolutionNode = FALSE
	EndGlobalSection
	GlobalSection(ExtensibilityGlobals) = postSolution
		SolutionGuid = {7C1147FB-78B5-4F0B-AAF7-CD9F6E7969ED}
	EndGlobalSection
EndGlobal
